PODS:
  - PDFGenerator (3.1.0)
  - QRCoder (1.1.0)

DEPENDENCIES:
  - PDFGenerator
  - QRCoder

SPEC REPOS:
  trunk:
    - PDFGenerator
    - QRCoder

SPEC CHECKSUMS:
  PDFGenerator: 17d6bc525db0a3fcd156fbf00f9d1b8d5cc75d1e
  QRCoder: cbd2bee531cc86d286df7942334cfed94c803ae4

PODFILE CHECKSUM: ca9b510b9c61eab485a3a2c5732e06d7d376a474

COCOAPODS: 1.8.4
